
Microsoft Visual Studio Solution File, Format Version 12.00
# Visual Studio 15
VisualStudioVersion = 15.0.27703.2042
MinimumVisualStudioVersion = 10.0.40219.1
Project("{FAE04EC0-301F-11D3-BF4B-00C04F79EFBC}") = "ChatBot", "ChatBot\ChatBot.csproj", "{4CB15F1E-6E21-49B9-A883-04C3CE176CCE}"
EndProject
Global
	GlobalSection(SolutionConfigurationPlatforms) = preSolution
		Debug|Any CPU = Debug|Any CPU
		Release|Any CPU = Release|Any CPU
	EndGlobalSection
	GlobalSection(ProjectConfigurationPlatforms) = postSolution
		{4CB15F1E-6E21-49B9-A883-04C3CE176CCE}.Debug|Any CPU.ActiveCfg = Debug|Any CPU
		{4CB15F1E-6E21-49B9-A883-04C3CE176CCE}.Debug|Any CPU.Build.0 = Debug|Any CPU
		{4CB15F1E-6E21-49B9-A883-04C3CE176CCE}.Release|Any CPU.ActiveCfg = Release|Any CPU
		{4CB15F1E-6E21-49B9-A883-04C3CE176CCE}.Release|Any CPU.Build.0 = Release|Any CPU
	EndGlobalSection
	GlobalSection(SolutionProperties) = preSolution
		HideSolutionNode = FALSE
	EndGlobalSection
	GlobalSection(ExtensibilityGlobals) = postSolution
		SolutionGuid = {0049235D-EF8B-463F-A29B-43C07780AEA3}
	EndGlobalSection
EndGlobal
